Microsoft Visual Studio Solution File, Format Version 12.00
# Visual Studio 14
VisualStudioVersion = 14.0.25420.0
MinimumVisualStudioVersion = 10.0.40219.1
Project("{8BC9CEB8-8B4A-11D0-8D11-00A0C91BC942}") = "CppWinThread1", "CppWinThread1\CppWinThread1.vcxproj", "{18EA4648-EF8D-4926-810C-79DF5B80FD7D}"
EndProject
Global
	GlobalSection(SolutionConfigurationPlatforms) = preSolution
		Debug|Win32 = Debug|Win32
		Release|Win32 = Release|Win32
	EndGlobalSection
	GlobalSection(ProjectConfigurationPlatforms) = postSolution
		{18EA4648-EF8D-4926-810C-79DF5B80FD7D}.Debug|Win32.ActiveCfg = Debug|Win32
		{18EA4648-EF8D-4926-810C-79DF5B80FD7D}.Debug|Win32.Build.0 = Debug|Win32
		{18EA4648-EF8D-4926-810C-79DF5B80FD7D}.Release|Win32.ActiveCfg = Release|Win32
		{18EA4648-EF8D-4926-810C-79DF5B80FD7D}.Release|Win32.Build.0 = Release|Win32
	EndGlobalSection
	GlobalSection(SolutionProperties) = preSolution
		HideSolutionNode = FALSE
	EndGlobalSection
EndGlobal
